// !$*UTF8*$!
{
	archiveVersion = 1;
	classes = {
	};
	objectVersion = 48;
	objects = {

/* Begin PBXBuildFile section */
		3A7FD98D217F184500D412F5 /* AppDelegate.swift in Sources */ = {isa = PBXBuildFile; fileRef = 3A7FD98C217F184500D412F5 /* AppDelegate.swift */; };
		3A7FD98F217F184500D412F5 /* ViewController.swift in Sources */ = {isa = PBXBuildFile; fileRef = 3A7FD98E217F184500D412F5 /* ViewController.swift */; };
		3A7FD992217F184500D412F5 /* Main.storyboard in Resources */ = {isa = PBXBuildFile; fileRef = 3A7FD990217F184500D412F5 /* Main.storyboard */; };
		3A7FD994217F184500D412F5 /* Assets.xcassets in Resources */ = {isa = PBXBuildFile; fileRef = 3A7FD993217F184500D412F5 /* Assets.xcassets */; };
		3A7FD997217F184500D412F5 /* LaunchScreen.storyboard in Resources */ = {isa = PBXBuildFile; fileRef = 3A7FD995217F184500D412F5 /* LaunchScreen.storyboard */; };
		3A7FD9A2217F184500D412F5 /* DemoPersistencyTests.swift in Sources */ = {isa = PBXBuildFile; fileRef = 3A7FD9A1217F184500D412F5 /* DemoPersistencyTests.swift */; };
		3A7FD9AD217F184500D412F5 /* DemoPersistencyUITests.swift in Sources */ = {isa = PBXBuildFile; fileRef = 3A7FD9AC217F184500D412F5 /* DemoPersistencyUITests.swift */; };
/* End PBXBuildFile section */

/* Begin PBXContainerItemProxy section */
		3A7FD99E217F184500D412F5 /* PBXContainerItemProxy */ = {
			isa = PBXContainerItemProxy;
			containerPortal = 3A7FD981217F184500D412F5 /* Project object */;
			proxyType = 1;
			remoteGlobalIDString = 3A7FD988217F184500D412F5;
			remoteInfo = DemoPersistency;
		};
		3A7FD9A9217F184500D412F5 /* PBXContainerItemProxy */ = {
			isa = PBXContainerItemProxy;
			containerPortal = 3A7FD981217F184500D412F5 /* Project object */;
			proxyType = 1;
			remoteGlobalIDString = 3A7FD988217F184500D412F5;
			remoteInfo = DemoPersistency;
		};
/* End PBXContainerItemProxy section */

/* Begin PBXFileReference section */
		3A7FD989217F184500D412F5 /* DemoPersistency.app */ = {isa = PBXFileReference; explicitFileType = wrapper.application; includeInIndex = 0; path = DemoPersistency.app; sourceTree = BUILT_PRODUCTS_DIR; };
		3A7FD98C217F184500D412F5 /* AppDelegate.swift */ = {isa = PBXFileReference; lastKnownFileType = sourcecode.swift; path = AppDelegate.swift; sourceTree = "<group>"; };
		3A7FD98E217F184500D412F5 /* ViewController.swift */ = {isa = PBXFileReference; lastKnownFileType = sourcecode.swift; path = ViewController.swift; sourceTree = "<group>"; };
		3A7FD991217F184500D412F5 /* Base */ = {isa = PBXFileReference; lastKnownFileType = file.storyboard; name = Base; path = Base.lproj/Main.storyboard; sourceTree = "<group>"; };
		3A7FD993217F184500D412F5 /* Assets.xcassets */ = {isa = PBXFileReference; lastKnownFileType = folder.assetcatalog; path = Assets.xcassets; sourceTree = "<group>"; };
		3A7FD996217F184500D412F5 /* Base */ = {isa = PBXFileReference; lastKnownFileType = file.storyboard; name = Base; path = Base.lproj/LaunchScreen.storyboard; sourceTree = "<group>"; };
		3A7FD998217F184500D412F5 /* Info.plist */ = {isa = PBXFileReference; lastKnownFileType = text.plist.xml; path = Info.plist; sourceTree = "<group>"; };
		3A7FD99D217F184500D412F5 /* DemoPersistencyTests.xctest */ = {isa = PBXFileReference; explicitFileType = wrapper.cfbundle; includeInIndex = 0; path = DemoPersistencyTests.xctest; sourceTree = BUILT_PRODUCTS_DIR; };
		3A7FD9A1217F184500D412F5 /* DemoPersistencyTests.swift */ = {isa = PBXFileReference; lastKnownFileType = sourcecode.swift; path = DemoPersistencyTests.swift; sourceTree = "<group>"; };
		3A7FD9A3217F184500D412F5 /* Info.plist */ = {isa = PBXFileReference; lastKnownFileType = text.plist.xml; path = Info.plist; sourceTree = "<group>"; };
		3A7FD9A8217F184500D412F5 /* DemoPersistencyUITests.xctest */ = {isa = PBXFileReference; explicitFileType = wrapper.cfbundle; includeInIndex = 0; path = DemoPersistencyUITests.xctest; sourceTree = BUILT_PRODUCTS_DIR; };
		3A7FD9AC217F184500D412F5 /* DemoPersistencyUITests.swift */ = {isa = PBXFileReference; lastKnownFileType = sourcecode.swift; path = DemoPersistencyUITests.swift; sourceTree = "<group>"; };
		3A7FD9AE217F184500D412F5 /* Info.plist */ = {isa = PBXFileReference; lastKnownFileType = text.plist.xml; path = Info.plist; sourceTree = "<group>"; };
/* End PBXFileReference section */

/* Begin PBXFrameworksBuildPhase section */
		3A7FD986217F184500D412F5 /* Frameworks */ = {
			isa = PBXFrameworksBuildPhase;
			buildActionMask = 2147483647;
			files = (
			);
			runOnlyForDeploymentPostprocessing = 0;
		};
		3A7FD99A217F184500D412F5 /* Frameworks */ = {
			isa = PBXFrameworksBuildPhase;
			buildActionMask = 2147483647;
			files = (
			);
			runOnlyForDeploymentPostprocessing = 0;
		};
		3A7FD9A5217F184500D412F5 /* Frameworks */ = {
			isa = PBXFrameworksBuildPhase;
			buildActionMask = 2147483647;
			files = (
			);
			runOnlyForDeploymentPostprocessing = 0;
		};
/* End PBXFrameworksBuildPhase section */

/* Begin PBXGroup section */
		3A7FD980217F184500D412F5 = {
			isa = PBXGroup;
			children = (
				3A7FD98B217F184500D412F5 /* DemoPersistency */,
				3A7FD9A0217F184500D412F5 /* DemoPersistencyTests */,
				3A7FD9AB217F184500D412F5 /* DemoPersistencyUITests */,
				3A7FD98A217F184500D412F5 /* Products */,
			);
			sourceTree = "<group>";
		};
		3A7FD98A217F184500D412F5 /* Products */ = {
			isa = PBXGroup;
			children = (
				3A7FD989217F184500D412F5 /* DemoPersistency.app */,
				3A7FD99D217F184500D412F5 /* DemoPersistencyTests.xctest */,
				3A7FD9A8217F184500D412F5 /* DemoPersistencyUITests.xctest */,
			);
			name = Products;
			sourceTree = "<group>";
		};
		3A7FD98B217F184500D412F5 /* DemoPersistency */ = {
			isa = PBXGroup;
			children = (
				3A7FD98C217F184500D412F5 /* AppDelegate.swift */,
				3A7FD98E217F184500D412F5 /* ViewController.swift */,
				3A7FD990217F184500D412F5 /* Main.storyboard */,
				3A7FD993217F184500D412F5 /* Assets.xcassets */,
				3A7FD995217F184500D412F5 /* LaunchScreen.storyboard */,
				3A7FD998217F184500D412F5 /* Info.plist */,
			);
			path = DemoPersistency;
			sourceTree = "<group>";
		};
		3A7FD9A0217F184500D412F5 /* DemoPersistencyTests */ = {
			isa = PBXGroup;
			children = (
				3A7FD9A1217F184500D412F5 /* DemoPersistencyTests.swift */,
				3A7FD9A3217F184500D412F5 /* Info.plist */,
			);
			path = DemoPersistencyTests;
			sourceTree = "<group>";
		};
		3A7FD9AB217F184500D412F5 /* DemoPersistencyUITests */ = {
			isa = PBXGroup;
			children = (
				3A7FD9AC217F184500D412F5 /* DemoPersistencyUITests.swift */,
				3A7FD9AE217F184500D412F5 /* Info.plist */,
			);
			path = DemoPersistencyUITests;
			sourceTree = "<group>";
		};
/* End PBXGroup section */

/* Begin PBXNativeTarget section */
		3A7FD988217F184500D412F5 /* DemoPersistency */ = {
			isa = PBXNativeTarget;
			buildConfigurationList = 3A7FD9B1217F184500D412F5 /* Build configuration list for PBXNativeTarget "DemoPersistency" */;
			buildPhases = (
				3A7FD985217F184500D412F5 /* Sources */,
				3A7FD986217F184500D412F5 /* Frameworks */,
				3A7FD987217F184500D412F5 /* Resources */,
			);
			buildRules = (
			);
			dependencies = (
			);
			name = DemoPersistency;
			productName = DemoPersistency;
			productReference = 3A7FD989217F184500D412F5 /* DemoPersistency.app */;
			productType = "com.apple.product-type.application";
		};
		3A7FD99C217F184500D412F5 /* DemoPersistencyTests */ = {
			isa = PBXNativeTarget;
			buildConfigurationList = 3A7FD9B4217F184500D412F5 /* Build configuration list for PBXNativeTarget "DemoPersistencyTests" */;
			buildPhases = (
				3A7FD999217F184500D412F5 /* Sources */,
				3A7FD99A217F184500D412F5 /* Frameworks */,
				3A7FD99B217F184500D412F5 /* Resources */,
			);
			buildRules = (
			);
			dependencies = (
				3A7FD99F217F184500D412F5 /* PBXTargetDependency */,
			);
			name = DemoPersistencyTests;
			productName = DemoPersistencyTests;
			productReference = 3A7FD99D217F184500D412F5 /* DemoPersistencyTests.xctest */;
			productType = "com.apple.product-type.bundle.unit-test";
		};
		3A7FD9A7217F184500D412F5 /* DemoPersistencyUITests */ = {
			isa = PBXNativeTarget;
			buildConfigurationList = 3A7FD9B7217F184500D412F5 /* Build configuration list for PBXNativeTarget "DemoPersistencyUITests" */;
			buildPhases = (
				3A7FD9A4217F184500D412F5 /* Sources */,
				3A7FD9A5217F184500D412F5 /* Frameworks */,
				3A7FD9A6217F184500D412F5 /* Resources */,
			);
			buildRules = (
			);
			dependencies = (
				3A7FD9AA217F184500D412F5 /* PBXTargetDependency */,
			);
			name = DemoPersistencyUITests;
			productName = DemoPersistencyUITests;
			productReference = 3A7FD9A8217F184500D412F5 /* DemoPersistencyUITests.xctest */;
			productType = "com.apple.product-type.bundle.ui-testing";
		};
/* End PBXNativeTarget section */

/* Begin PBXProject section */
		3A7FD981217F184500D412F5 /* Project object */ = {
			isa = PBXProject;
			attributes = {
				LastSwiftUpdateCheck = 0920;
				LastUpgradeCheck = 0920;
				ORGANIZATIONNAME = Adrian;
				TargetAttributes = {
					3A7FD988217F184500D412F5 = {
						CreatedOnToolsVersion = 9.2;
						ProvisioningStyle = Automatic;
					};
					3A7FD99C217F184500D412F5 = {
						CreatedOnToolsVersion = 9.2;
						ProvisioningStyle = Automatic;
						TestTargetID = 3A7FD988217F184500D412F5;
					};
					3A7FD9A7217F184500D412F5 = {
						CreatedOnToolsVersion = 9.2;
						ProvisioningStyle = Automatic;
						TestTargetID = 3A7FD988217F184500D412F5;
					};
				};
			};
			buildConfigurationList = 3A7FD984217F184500D412F5 /* Build configuration list for PBXProject "DemoPersistency" */;
			compatibilityVersion = "Xcode 8.0";
			developmentRegion = en;
			hasScannedForEncodings = 0;
			knownRegions = (
				en,
				Base,
			);
			mainGroup = 3A7FD980217F184500D412F5;
			productRefGroup = 3A7FD98A217F184500D412F5 /* Products */;
			projectDirPath = "";
			projectRoot = "";
			targets = (
				3A7FD988217F184500D412F5 /* DemoPersistency */,
				3A7FD99C217F184500D412F5 /* DemoPersistencyTests */,
				3A7FD9A7217F184500D412F5 /* DemoPersistencyUITests */,
			);
		};
/* End PBXProject section */

/* Begin PBXResourcesBuildPhase section */
		3A7FD987217F184500D412F5 /* Resources */ = {
			isa = PBXResourcesBuildPhase;
			buildActionMask = 2147483647;
			files = (
				3A7FD997217F184500D412F5 /* LaunchScreen.storyboard in Resources */,
				3A7FD994217F184500D412F5 /* Assets.xcassets in Resources */,
				3A7FD992217F184500D412F5 /* Main.storyboard in Resources */,
			);
			runOnlyForDeploymentPostprocessing = 0;
		};
		3A7FD99B217F184500D412F5 /* Resources */ = {
			isa = PBXResourcesBuildPhase;
			buildActionMask = 2147483647;
			files = (
			);
			runOnlyForDeploymentPostprocessing = 0;
		};
		3A7FD9A6217F184500D412F5 /* Resources */ = {
			isa = PBXResourcesBuildPhase;
			buildActionMask = 2147483647;
			files = (
			);
			runOnlyForDeploymentPostprocessing = 0;
		};
/* End PBXResourcesBuildPhase section */

/* Begin PBXSourcesBuildPhase section */
		3A7FD985217F184500D412F5 /* Sources */ = {
			isa = PBXSourcesBuildPhase;
			buildActionMask = 2147483647;
			files = (
				3A7FD98F217F184500D412F5 /* ViewController.swift in Sources */,
				3A7FD98D217F184500D412F5 /* AppDelegate.swift in Sources */,
			);
			runOnlyForDeploymentPostprocessing = 0;
		};
		3A7FD999217F184500D412F5 /* Sources */ = {
			isa = PBXSourcesBuildPhase;
			buildActionMask = 2147483647;
			files = (
				3A7FD9A2217F184500D412F5 /* DemoPersistencyTests.swift in Sources */,
			);
			runOnlyForDeploymentPostprocessing = 0;
		};
		3A7FD9A4217F184500D412F5 /* Sources */ = {
			isa = PBXSourcesBuildPhase;
			buildActionMask = 2147483647;
			files = (
				3A7FD9AD217F184500D412F5 /* DemoPersistencyUITests.swift in Sources */,
			);
			runOnlyForDeploymentPostprocessing = 0;
		};
/* End PBXSourcesBuildPhase section */

/* Begin PBXTargetDependency section */
		3A7FD99F217F184500D412F5 /* PBXTargetDependency */ = {
			isa = PBXTargetDependency;
			target = 3A7FD988217F184500D412F5 /* DemoPersistency */;
			targetProxy = 3A7FD99E217F184500D412F5 /* PBXContainerItemProxy */;
		};
		3A7FD9AA217F184500D412F5 /* PBXTargetDependency */ = {
			isa = PBXTargetDependency;
			target = 3A7FD988217F184500D412F5 /* DemoPersistency */;
			targetProxy = 3A7FD9A9217F184500D412F5 /* PBXContainerItemProxy */;
		};
/* End PBXTargetDependency section */

/* Begin PBXVariantGroup section */
		3A7FD990217F184500D412F5 /* Main.storyboard */ = {
			isa = PBXVariantGroup;
			children = (
				3A7FD991217F184500D412F5 /* Base */,
			);
			name = Main.storyboard;
			sourceTree = "<group>";
		};
		3A7FD995217F184500D412F5 /* LaunchScreen.storyboard */ = {
			isa = PBXVariantGroup;
			children = (
				3A7FD996217F184500D412F5 /* Base */,
			);
			name = LaunchScreen.storyboard;
			sourceTree = "<group>";
		};
/* End PBXVariantGroup section */

/* Begin XCBuildConfiguration section */
		3A7FD9AF217F184500D412F5 /* Debug */ = {
			isa = XCBuildConfiguration;
			buildSettings = {
				ALWAYS_SEARCH_USER_PATHS = NO;
				CLANG_ANALYZER_NONNULL = YES;
				CLANG_ANALYZER_NUMBER_OBJECT_CONVERSION = YES_AGGRESSIVE;
				CLANG_CXX_LANGUAGE_STANDARD = "gnu++14";
				CLANG_CXX_LIBRARY = "libc++";
				CLANG_ENABLE_MODULES = YES;
				CLANG_ENABLE_OBJC_ARC = YES;
				CLANG_WARN_BLOCK_CAPTURE_AUTORELEASING = YES;
				CLANG_WARN_BOOL_CONVERSION = YES;
				CLANG_WARN_COMMA = YES;
				CLANG_WARN_CONSTANT_CONVERSION = YES;
				CLANG_WARN_DIRECT_OBJC_ISA_USAGE = YES_ERROR;
				CLANG_WARN_DOCUMENTATION_COMMENTS = YES;
				CLANG_WARN_EMPTY_BODY = YES;
				CLANG_WARN_ENUM_CONVERSION = YES;
				CLANG_WARN_INFINITE_RECURSION = YES;
				CLANG_WARN_INT_CONVERSION = YES;
				CLANG_WARN_NON_LITERAL_NULL_CONVERSION = YES;
				CLANG_WARN_OBJC_LITERAL_CONVERSION = YES;
				CLANG_WARN_OBJC_ROOT_CLASS = YES_ERROR;
				CLANG_WARN_RANGE_LOOP_ANALYSIS = YES;
				CLANG_WARN_STRICT_PROTOTYPES = YES;
				CLANG_WARN_SUSPICIOUS_MOVE = YES;
				CLANG_WARN_UNGUARDED_AVAILABILITY = YES_AGGRESSIVE;
				CLANG_WARN_UNREACHABLE_CODE = YES;
				CLANG_WARN__DUPLICATE_METHOD_MATCH = YES;
				CODE_SIGN_IDENTITY = "iPhone Developer";
				COPY_PHASE_STRIP = NO;
				DEBUG_INFORMATION_FORMAT = dwarf;
				ENABLE_STRICT_OBJC_MSGSEND = YES;
				ENABLE_TESTABILITY = YES;
				GCC_C_LANGUAGE_STANDARD = gnu11;
				GCC_DYNAMIC_NO_PIC = NO;
				GCC_NO_COMMON_BLOCKS = YES;
				GCC_OPTIMIZATION_LEVEL = 0;
				GCC_PREPROCESSOR_DEFINITIONS = (
					"DEBUG=1",
					"$(inherited)",
				);
				GCC_WARN_64_TO_32_BIT_CONVERSION = YES;
				GCC_WARN_ABOUT_RETURN_TYPE = YES_ERROR;
				GCC_WARN_UNDECLARED_SELECTOR = YES;
				GCC_WARN_UNINITIALIZED_AUTOS = YES_AGGRESSIVE;
				GCC_WARN_UNUSED_FUNCTION = YES;
				GCC_WARN_UNUSED_VARIABLE = YES;
				IPHONEOS_DEPLOYMENT_TARGET = 11.2;
				MTL_ENABLE_DEBUG_INFO = YES;
				ONLY_ACTIVE_ARCH = YES;
				SDKROOT = iphoneos;
				SWIFT_ACTIVE_COMPILATION_CONDITIONS = DEBUG;
				SWIFT_OPTIMIZATION_LEVEL = "-Onone";
			};
			name = Debug;
		};
		3A7FD9B0217F184500D412F5 /* Release */ = {
			isa = XCBuildConfiguration;
			buildSettings = {
				ALWAYS_SEARCH_USER_PATHS = NO;
				CLANG_ANALYZER_NONNULL = YES;
				CLANG_ANALYZER_NUMBER_OBJECT_CONVERSION = YES_AGGRESSIVE;
				CLANG_CXX_LANGUAGE_STANDARD = "gnu++14";
				CLANG_CXX_LIBRARY = "libc++";
				CLANG_ENABLE_MODULES = YES;
				CLANG_ENABLE_OBJC_ARC = YES;
				CLANG_WARN_BLOCK_CAPTURE_AUTORELEASING = YES;
				CLANG_WARN_BOOL_CONVERSION = YES;
				CLANG_WARN_COMMA = YES;
				CLANG_WARN_CONSTANT_CONVERSION = YES;
				CLANG_WARN_DIRECT_OBJC_ISA_USAGE = YES_ERROR;
				CLANG_WARN_DOCUMENTATION_COMMENTS = YES;
				CLANG_WARN_EMPTY_BODY = YES;
				CLANG_WARN_ENUM_CONVERSION = YES;
				CLANG_WARN_INFINITE_RECURSION = YES;
				CLANG_WARN_INT_CONVERSION = YES;
				CLANG_WARN_NON_LITERAL_NULL_CONVERSION = YES;
				CLANG_WARN_OBJC_LITERAL_CONVERSION = YES;
				CLANG_WARN_OBJC_ROOT_CLASS = YES_ERROR;
				CLANG_WARN_RANGE_LOOP_ANALYSIS = YES;
				CLANG_WARN_STRICT_PROTOTYPES = YES;
				CLANG_WARN_SUSPICIOUS_MOVE = YES;
				CLANG_WARN_UNGUARDED_AVAILABILITY = YES_AGGRESSIVE;
				CLANG_WARN_UNREACHABLE_CODE = YES;
				CLANG_WARN__DUPLICATE_METHOD_MATCH = YES;
				CODE_SIGN_IDENTITY = "iPhone Developer";
				COPY_PHASE_STRIP = NO;
				DEBUG_INFORMATION_FORMAT = "dwarf-with-dsym";
				ENABLE_NS_ASSERTIONS = NO;
				ENABLE_STRICT_OBJC_MSGSEND = YES;
				GCC_C_LANGUAGE_STANDARD = gnu11;
				GCC_NO_COMMON_BLOCKS = YES;
				GCC_WARN_64_TO_32_BIT_CONVERSION = YES;
				GCC_WARN_ABOUT_RETURN_TYPE = YES_ERROR;
				GCC_WARN_UNDECLARED_SELECTOR = YES;
				GCC_WARN_UNINITIALIZED_AUTOS = YES_AGGRESSIVE;
				GCC_WARN_UNUSED_FUNCTION = YES;
				GCC_WARN_UNUSED_VARIABLE = YES;
				IPHONEOS_DEPLOYMENT_TARGET = 11.2;
				MTL_ENABLE_DEBUG_INFO = NO;
				SDKROOT = iphoneos;
				SWIFT_OPTIMIZATION_LEVEL = "-Owholemodule";
				VALIDATE_PRODUCT = YES;
			};
			name = Release;
		};
		3A7FD9B2217F184500D412F5 /* Debug */ = {
			isa = XCBuildConfiguration;
			buildSettings = {
				ASSETCATALOG_COMPILER_APPICON_NAME = AppIcon;
				CODE_SIGN_STYLE = Automatic;
				DEVELOPMENT_TEAM = PAPZUJDCZ5;
				INFOPLIST_FILE = DemoPersistency/Info.plist;
				LD_RUNPATH_SEARCH_PATHS = "$(inherited) @executable_path/Frameworks";
				PRODUCT_BUNDLE_IDENTIFIER = es.upm.dit.DemoPersistency;
				PRODUCT_NAME = "$(TARGET_NAME)";
				SWIFT_VERSION = 4.0;
				TARGETED_DEVICE_FAMILY = "1,2";
			};
			name = Debug;
		};
		3A7FD9B3217F184500D412F5 /* Release */ = {
			isa = XCBuildConfiguration;
			buildSettings = {
				ASSETCATALOG_COMPILER_APPICON_NAME = AppIcon;
				CODE_SIGN_STYLE = Automatic;
				DEVELOPMENT_TEAM = PAPZUJDCZ5;
				INFOPLIST_FILE = DemoPersistency/Info.plist;
				LD_RUNPATH_SEARCH_PATHS = "$(inherited) @executable_path/Frameworks";
				PRODUCT_BUNDLE_IDENTIFIER = es.upm.dit.DemoPersistency;
				PRODUCT_NAME = "$(TARGET_NAME)";
				SWIFT_VERSION = 4.0;
				TARGETED_DEVICE_FAMILY = "1,2";
			};
			name = Release;
		};
		3A7FD9B5217F184500D412F5 /* Debug */ = {
			isa = XCBuildConfiguration;
			buildSettings = {
				ALWAYS_EMBED_SWIFT_STANDARD_LIBRARIES = YES;
				BUNDLE_LOADER = "$(TEST_HOST)";
				CODE_SIGN_STYLE = Automatic;
				DEVELOPMENT_TEAM = PAPZUJDCZ5;
				INFOPLIST_FILE = DemoPersistencyTests/Info.plist;
				LD_RUNPATH_SEARCH_PATHS = "$(inherited) @executable_path/Frameworks @loader_path/Frameworks";
				PRODUCT_BUNDLE_IDENTIFIER = es.upm.dit.DemoPersistencyTests;
				PRODUCT_NAME = "$(TARGET_NAME)";
				SWIFT_VERSION = 4.0;
				TARGETED_DEVICE_FAMILY = "1,2";
				TEST_HOST = "$(BUILT_PRODUCTS_DIR)/DemoPersistency.app/DemoPersistency";
			};
			name = Debug;
		};
		3A7FD9B6217F184500D412F5 /* Release */ = {
			isa = XCBuildConfiguration;
			buildSettings = {
				ALWAYS_EMBED_SWIFT_STANDARD_LIBRARIES = YES;
				BUNDLE_LOADER = "$(TEST_HOST)";
				CODE_SIGN_STYLE = Automatic;
				DEVELOPMENT_TEAM = PAPZUJDCZ5;
				INFOPLIST_FILE = DemoPersistencyTests/Info.plist;
				LD_RUNPATH_SEARCH_PATHS = "$(inherited) @executable_path/Frameworks @loader_path/Frameworks";
				PRODUCT_BUNDLE_IDENTIFIER = es.upm.dit.DemoPersistencyTests;
				PRODUCT_NAME = "$(TARGET_NAME)";
				SWIFT_VERSION = 4.0;
				TARGETED_DEVICE_FAMILY = "1,2";
				TEST_HOST = "$(BUILT_PRODUCTS_DIR)/DemoPersistency.app/DemoPersistency";
			};
			name = Release;
		};
		3A7FD9B8217F184500D412F5 /* Debug */ = {
			isa = XCBuildConfiguration;
			buildSettings = {
				ALWAYS_EMBED_SWIFT_STANDARD_LIBRARIES = YES;
				CODE_SIGN_STYLE = Automatic;
				DEVELOPMENT_TEAM = PAPZUJDCZ5;
				INFOPLIST_FILE = DemoPersistencyUITests/Info.plist;
				LD_RUNPATH_SEARCH_PATHS = "$(inherited) @executable_path/Frameworks @loader_path/Frameworks";
				PRODUCT_BUNDLE_IDENTIFIER = es.upm.dit.DemoPersistencyUITests;
				PRODUCT_NAME = "$(TARGET_NAME)";
				SWIFT_VERSION = 4.0;
				TARGETED_DEVICE_FAMILY = "1,2";
				TEST_TARGET_NAME = DemoPersistency;
			};
			name = Debug;
		};
		3A7FD9B9217F184500D412F5 /* Release */ = {
			isa = XCBuildConfiguration;
			buildSettings = {
				ALWAYS_EMBED_SWIFT_STANDARD_LIBRARIES = YES;
				CODE_SIGN_STYLE = Automatic;
				DEVELOPMENT_TEAM = PAPZUJDCZ5;
				INFOPLIST_FILE = DemoPersistencyUITests/Info.plist;
				LD_RUNPATH_SEARCH_PATHS = "$(inherited) @executable_path/Frameworks @loader_path/Frameworks";
				PRODUCT_BUNDLE_IDENTIFIER = es.upm.dit.DemoPersistencyUITests;
				PRODUCT_NAME = "$(TARGET_NAME)";
				SWIFT_VERSION = 4.0;
				TARGETED_DEVICE_FAMILY = "1,2";
				TEST_TARGET_NAME = DemoPersistency;
			};
			name = Release;
		};
/* End XCBuildConfiguration section */

/* Begin XCConfigurationList section */
		3A7FD984217F184500D412F5 /* Build configuration list for PBXProject "DemoPersistency" */ = {
			isa = XCConfigurationList;
			buildConfigurations = (
				3A7FD9AF217F184500D412F5 /* Debug */,
				3A7FD9B0217F184500D412F5 /* Release */,
			);
			defaultConfigurationIsVisible = 0;
			defaultConfigurationName = Release;
		};
		3A7FD9B1217F184500D412F5 /* Build configuration list for PBXNativeTarget "DemoPersistency" */ = {
			isa = XCConfigurationList;
			buildConfigurations = (
				3A7FD9B2217F184500D412F5 /* Debug */,
				3A7FD9B3217F184500D412F5 /* Release */,
			);
			defaultConfigurationIsVisible = 0;
			defaultConfigurationName = Release;
		};
		3A7FD9B4217F184500D412F5 /* Build configuration list for PBXNativeTarget "DemoPersistencyTests" */ = {
			isa = XCConfigurationList;
			buildConfigurations = (
				3A7FD9B5217F184500D412F5 /* Debug */,
				3A7FD9B6217F184500D412F5 /* Release */,
			);
			defaultConfigurationIsVisible = 0;
			defaultConfigurationName = Release;
		};
		3A7FD9B7217F184500D412F5 /* Build configuration list for PBXNativeTarget "DemoPersistencyUITests" */ = {
			isa = XCConfigurationList;
			buildConfigurations = (
				3A7FD9B8217F184500D412F5 /* Debug */,
				3A7FD9B9217F184500D412F5 /* Release */,
			);
			defaultConfigurationIsVisible = 0;
			defaultConfigurationName = Release;
		};
/* End XCConfigurationList section */
	};
	rootObject = 3A7FD981217F184500D412F5 /* Project object */;
}
